
Microsoft Visual Studio Solution File, Format Version 12.00
# Visual Studio Version 16
VisualStudioVersion = 16.0.30011.22
MinimumVisualStudioVersion = 10.0.40219.1
Project("{FAE04EC0-301F-11D3-BF4B-00C04F79EFBC}") = "ShoppyNet", "ShoppyNet\ShoppyNet.csproj", "{2796280A-F305-4A81-91DF-E74A5199ECED}"
EndProject
Project("{FAE04EC0-301F-11D3-BF4B-00C04F79EFBC}") = "test", "test\test.csproj", "{85EC9CCE-9F14-4B01-9326-02AC6A99B58C}"
EndProject
Global
	GlobalSection(SolutionConfigurationPlatforms) = preSolution
		Debug|Any CPU = Debug|Any CPU
		Release|Any CPU = Release|Any CPU
	EndGlobalSection
	GlobalSection(ProjectConfigurationPlatforms) = postSolution
		{2796280A-F305-4A81-91DF-E74A5199ECED}.Debug|Any CPU.ActiveCfg = Debug|Any CPU
		{2796280A-F305-4A81-91DF-E74A5199ECED}.Debug|Any CPU.Build.0 = Debug|Any CPU
		{2796280A-F305-4A81-91DF-E74A5199ECED}.Release|Any CPU.ActiveCfg = Release|Any CPU
		{2796280A-F305-4A81-91DF-E74A5199ECED}.Release|Any CPU.Build.0 = Release|Any CPU
		{85EC9CCE-9F14-4B01-9326-02AC6A99B58C}.Debug|Any CPU.ActiveCfg = Debug|Any CPU
		{85EC9CCE-9F14-4B01-9326-02AC6A99B58C}.Debug|Any CPU.Build.0 = Debug|Any CPU
		{85EC9CCE-9F14-4B01-9326-02AC6A99B58C}.Release|Any CPU.ActiveCfg = Release|Any CPU
		{85EC9CCE-9F14-4B01-9326-02AC6A99B58C}.Release|Any CPU.Build.0 = Release|Any CPU
	EndGlobalSection
	GlobalSection(SolutionProperties) = preSolution
		HideSolutionNode = FALSE
	EndGlobalSection
	GlobalSection(ExtensibilityGlobals) = postSolution
		SolutionGuid = {26CF4492-E66A-426A-BFF4-C39EA743D12E}
	EndGlobalSection
EndGlobal
